
Microsoft Visual Studio Solution File, Format Version 11.00
# Visual C# Express 2010
Project("{FAE04EC0-301F-11D3-BF4B-00C04F79EFBC}") = "Deidre", "Deidre\Deidre.csproj", "{9019A9F9-19A1-4872-B792-1B4E19821BED}"
EndProject
Global
	GlobalSection(SolutionConfigurationPlatforms) = preSolution
		Debug|x86 = Debug|x86
		Release|x86 = Release|x86
	EndGlobalSection
	GlobalSection(ProjectConfigurationPlatforms) = postSolution
		{9019A9F9-19A1-4872-B792-1B4E19821BED}.Debug|x86.ActiveCfg = Debug|x86
		{9019A9F9-19A1-4872-B792-1B4E19821BED}.Debug|x86.Build.0 = Debug|x86
		{9019A9F9-19A1-4872-B792-1B4E19821BED}.Release|x86.ActiveCfg = Release|x86
		{9019A9F9-19A1-4872-B792-1B4E19821BED}.Release|x86.Build.0 = Release|x86
	EndGlobalSection
	GlobalSection(SolutionProperties) = preSolution
		HideSolutionNode = FALSE
	EndGlobalSection
EndGlobal
